// !$*UTF8*$!
{
	archiveVersion = 1;
	classes = {
	};
	objectVersion = 56;
	objects = {

/* Begin PBXBuildFile section */
		D03B5CD1291F9BBF00C912D9 /* LocalFileManager.swift in Sources */ = {isa = PBXBuildFile; fileRef = D03B5CD0291F9BBF00C912D9 /* LocalFileManager.swift */; };
		D03B5CD3291FA26A00C912D9 /* SearchBarView.swift in Sources */ = {isa = PBXBuildFile; fileRef = D03B5CD2291FA26A00C912D9 /* SearchBarView.swift */; };
		D03B5CD5291FA5F600C912D9 /* UIApplication.swift in Sources */ = {isa = PBXBuildFile; fileRef = D03B5CD4291FA5F600C912D9 /* UIApplication.swift */; };
		D03B5CD7291FAB5D00C912D9 /* Statistic.swift in Sources */ = {isa = PBXBuildFile; fileRef = D03B5CD6291FAB5D00C912D9 /* Statistic.swift */; };
		D03B5CD9291FAC8100C912D9 /* StatisticView.swift in Sources */ = {isa = PBXBuildFile; fileRef = D03B5CD8291FAC8100C912D9 /* StatisticView.swift */; };
		D03B5CDB291FAF1900C912D9 /* HomeStatsView.swift in Sources */ = {isa = PBXBuildFile; fileRef = D03B5CDA291FAF1800C912D9 /* HomeStatsView.swift */; };
		D03B5CDD291FB20200C912D9 /* MarketData.swift in Sources */ = {isa = PBXBuildFile; fileRef = D03B5CDC291FB20200C912D9 /* MarketData.swift */; };
		D03B5CDF291FE6CD00C912D9 /* MarketDataService.swift in Sources */ = {isa = PBXBuildFile; fileRef = D03B5CDE291FE6CD00C912D9 /* MarketDataService.swift */; };
		D03B5CE1291FED0F00C912D9 /* PortfolioView.swift in Sources */ = {isa = PBXBuildFile; fileRef = D03B5CE0291FED0F00C912D9 /* PortfolioView.swift */; };
		D043EB58291C0D3A005C4866 /* CryptoTrackerApp.swift in Sources */ = {isa = PBXBuildFile; fileRef = D043EB57291C0D3A005C4866 /* CryptoTrackerApp.swift */; };
		D043EB5C291C0D3F005C4866 /* Assets.xcassets in Resources */ = {isa = PBXBuildFile; fileRef = D043EB5B291C0D3F005C4866 /* Assets.xcassets */; };
		D043EB5F291C0D3F005C4866 /* Preview Assets.xcassets in Resources */ = {isa = PBXBuildFile; fileRef = D043EB5E291C0D3F005C4866 /* Preview Assets.xcassets */; };
		D043EB67291C0F95005C4866 /* Color.swift in Sources */ = {isa = PBXBuildFile; fileRef = D043EB66291C0F95005C4866 /* Color.swift */; };
		D043EB6D291C120B005C4866 /* HomeView.swift in Sources */ = {isa = PBXBuildFile; fileRef = D043EB6C291C120B005C4866 /* HomeView.swift */; };
		D043EB70291C12D3005C4866 /* CircleButtonView.swift in Sources */ = {isa = PBXBuildFile; fileRef = D043EB6F291C12D3005C4866 /* CircleButtonView.swift */; };
		D043EB72291C162C005C4866 /* CircleButtonAnimationView.swift in Sources */ = {isa = PBXBuildFile; fileRef = D043EB71291C162C005C4866 /* CircleButtonAnimationView.swift */; };
		D0753B082922D7B200DE60F6 /* ChartView.swift in Sources */ = {isa = PBXBuildFile; fileRef = D0753B072922D7B200DE60F6 /* ChartView.swift */; };
		D0753B0A2922DDBD00DE60F6 /* Date.swift in Sources */ = {isa = PBXBuildFile; fileRef = D0753B092922DDBD00DE60F6 /* Date.swift */; };
		D0A4FD68291EF1950084B154 /* CoinImageViewModel.swift in Sources */ = {isa = PBXBuildFile; fileRef = D0A4FD67291EF1950084B154 /* CoinImageViewModel.swift */; };
		D0AA232A291ED19700159BA2 /* PreviewProvider.swift in Sources */ = {isa = PBXBuildFile; fileRef = D0AA2329291ED19700159BA2 /* PreviewProvider.swift */; };
		D0AA232C291ED45600159BA2 /* Double.swift in Sources */ = {isa = PBXBuildFile; fileRef = D0AA232B291ED45600159BA2 /* Double.swift */; };
		D0AA232E291EDD3600159BA2 /* HomeViewModel.swift in Sources */ = {isa = PBXBuildFile; fileRef = D0AA232D291EDD3600159BA2 /* HomeViewModel.swift */; };
		D0B05BD4291FF78A00994403 /* CoinLogoView.swift in Sources */ = {isa = PBXBuildFile; fileRef = D0B05BD3291FF78A00994403 /* CoinLogoView.swift */; };
		D0B05BD72920461A00994403 /* PortfolioContainer.xcdatamodeld in Sources */ = {isa = PBXBuildFile; fileRef = D0B05BD52920461A00994403 /* PortfolioContainer.xcdatamodeld */; };
		D0B05BD9292046B100994403 /* PortfolioDataService.swift in Sources */ = {isa = PBXBuildFile; fileRef = D0B05BD8292046B100994403 /* PortfolioDataService.swift */; };
		D0B05BDD292056E500994403 /* HapticManager.swift in Sources */ = {isa = PBXBuildFile; fileRef = D0B05BDC292056E500994403 /* HapticManager.swift */; };
		D0B1176F291E4FBD00D3EAA7 /* Coin.swift in Sources */ = {isa = PBXBuildFile; fileRef = D0B1176E291E4FBD00D3EAA7 /* Coin.swift */; };
		D0B11771291E5B3800D3EAA7 /* CoinRowView.swift in Sources */ = {isa = PBXBuildFile; fileRef = D0B11770291E5B3800D3EAA7 /* CoinRowView.swift */; };
		D0B39D1B29225A3B004869F4 /* CoinDetail.swift in Sources */ = {isa = PBXBuildFile; fileRef = D0B39D1A29225A3B004869F4 /* CoinDetail.swift */; };
		D0B39D1D29225CBB004869F4 /* DetailViewModel.swift in Sources */ = {isa = PBXBuildFile; fileRef = D0B39D1C29225CBB004869F4 /* DetailViewModel.swift */; };
		D0B39D1F29225CE5004869F4 /* CoinDetailDataService.swift in Sources */ = {isa = PBXBuildFile; fileRef = D0B39D1E29225CE5004869F4 /* CoinDetailDataService.swift */; };
		D0D825FF291EE23B00F1F161 /* CoinDataService.swift in Sources */ = {isa = PBXBuildFile; fileRef = D0D825FE291EE23B00F1F161 /* CoinDataService.swift */; };
		D0D82602291EE7F000F1F161 /* NetworkingManager.swift in Sources */ = {isa = PBXBuildFile; fileRef = D0D82601291EE7F000F1F161 /* NetworkingManager.swift */; };
		D0D82605291EEE6900F1F161 /* CoinImageView.swift in Sources */ = {isa = PBXBuildFile; fileRef = D0D82604291EEE6900F1F161 /* CoinImageView.swift */; };
		D0D82607291EEFA700F1F161 /* CoinImageService.swift in Sources */ = {isa = PBXBuildFile; fileRef = D0D82606291EEFA700F1F161 /* CoinImageService.swift */; };
		D0FDCE5E2922465000B85C32 /* DetailView.swift in Sources */ = {isa = PBXBuildFile; fileRef = D0FDCE5D2922464F00B85C32 /* DetailView.swift */; };
/* End PBXBuildFile section */

/* Begin PBXFileReference section */
		D03B5CD0291F9BBF00C912D9 /* LocalFileManager.swift */ = {isa = PBXFileReference; lastKnownFileType = sourcecode.swift; path = LocalFileManager.swift; sourceTree = "<group>"; };
		D03B5CD2291FA26A00C912D9 /* SearchBarView.swift */ = {isa = PBXFileReference; lastKnownFileType = sourcecode.swift; path = SearchBarView.swift; sourceTree = "<group>"; };
		D03B5CD4291FA5F600C912D9 /* UIApplication.swift */ = {isa = PBXFileReference; lastKnownFileType = sourcecode.swift; path = UIApplication.swift; sourceTree = "<group>"; };
		D03B5CD6291FAB5D00C912D9 /* Statistic.swift */ = {isa = PBXFileReference; lastKnownFileType = sourcecode.swift; path = Statistic.swift; sourceTree = "<group>"; };
		D03B5CD8291FAC8100C912D9 /* StatisticView.swift */ = {isa = PBXFileReference; lastKnownFileType = sourcecode.swift; path = StatisticView.swift; sourceTree = "<group>"; };
		D03B5CDA291FAF1800C912D9 /* HomeStatsView.swift */ = {isa = PBXFileReference; lastKnownFileType = sourcecode.swift; path = HomeStatsView.swift; sourceTree = "<group>"; };
		D03B5CDC291FB20200C912D9 /* MarketData.swift */ = {isa = PBXFileReference; lastKnownFileType = sourcecode.swift; path = MarketData.swift; sourceTree = "<group>"; };
		D03B5CDE291FE6CD00C912D9 /* MarketDataService.swift */ = {isa = PBXFileReference; lastKnownFileType = sourcecode.swift; path = MarketDataService.swift; sourceTree = "<group>"; };
		D03B5CE0291FED0F00C912D9 /* PortfolioView.swift */ = {isa = PBXFileReference; lastKnownFileType = sourcecode.swift; path = PortfolioView.swift; sourceTree = "<group>"; };
		D043EB54291C0D3A005C4866 /* CryptoTracker.app */ = {isa = PBXFileReference; explicitFileType = wrapper.application; includeInIndex = 0; path = CryptoTracker.app; sourceTree = BUILT_PRODUCTS_DIR; };
		D043EB57291C0D3A005C4866 /* CryptoTrackerApp.swift */ = {isa = PBXFileReference; lastKnownFileType = sourcecode.swift; path = CryptoTrackerApp.swift; sourceTree = "<group>"; };
		D043EB5B291C0D3F005C4866 /* Assets.xcassets */ = {isa = PBXFileReference; lastKnownFileType = folder.assetcatalog; path = Assets.xcassets; sourceTree = "<group>"; };
		D043EB5E291C0D3F005C4866 /* Preview Assets.xcassets */ = {isa = PBXFileReference; lastKnownFileType = folder.assetcatalog; path = "Preview Assets.xcassets"; sourceTree = "<group>"; };
		D043EB66291C0F95005C4866 /* Color.swift */ = {isa = PBXFileReference; lastKnownFileType = sourcecode.swift; path = Color.swift; sourceTree = "<group>"; };
		D043EB6C291C120B005C4866 /* HomeView.swift */ = {isa = PBXFileReference; lastKnownFileType = sourcecode.swift; path = HomeView.swift; sourceTree = "<group>"; };
		D043EB6F291C12D3005C4866 /* CircleButtonView.swift */ = {isa = PBXFileReference; lastKnownFileType = sourcecode.swift; path = CircleButtonView.swift; sourceTree = "<group>"; };
		D043EB71291C162C005C4866 /* CircleButtonAnimationView.swift */ = {isa = PBXFileReference; lastKnownFileType = sourcecode.swift; path = CircleButtonAnimationView.swift; sourceTree = "<group>"; };
		D0753B072922D7B200DE60F6 /* ChartView.swift */ = {isa = PBXFileReference; lastKnownFileType = sourcecode.swift; path = ChartView.swift; sourceTree = "<group>"; };
		D0753B092922DDBD00DE60F6 /* Date.swift */ = {isa = PBXFileReference; lastKnownFileType = sourcecode.swift; path = Date.swift; sourceTree = "<group>"; };
		D0A4FD67291EF1950084B154 /* CoinImageViewModel.swift */ = {isa = PBXFileReference; lastKnownFileType = sourcecode.swift; path = CoinImageViewModel.swift; sourceTree = "<group>"; };
		D0AA2329291ED19700159BA2 /* PreviewProvider.swift */ = {isa = PBXFileReference; lastKnownFileType = sourcecode.swift; path = PreviewProvider.swift; sourceTree = "<group>"; };
		D0AA232B291ED45600159BA2 /* Double.swift */ = {isa = PBXFileReference; lastKnownFileType = sourcecode.swift; path = Double.swift; sourceTree = "<group>"; };
		D0AA232D291EDD3600159BA2 /* HomeViewModel.swift */ = {isa = PBXFileReference; lastKnownFileType = sourcecode.swift; path = HomeViewModel.swift; sourceTree = "<group>"; };
		D0B05BD3291FF78A00994403 /* CoinLogoView.swift */ = {isa = PBXFileReference; lastKnownFileType = sourcecode.swift; path = CoinLogoView.swift; sourceTree = "<group>"; };
		D0B05BD62920461A00994403 /* PortfolioContainer.xcdatamodel */ = {isa = PBXFileReference; lastKnownFileType = wrapper.xcdatamodel; path = PortfolioContainer.xcdatamodel; sourceTree = "<group>"; };
		D0B05BD8292046B100994403 /* PortfolioDataService.swift */ = {isa = PBXFileReference; lastKnownFileType = sourcecode.swift; path = PortfolioDataService.swift; sourceTree = "<group>"; };
		D0B05BDC292056E500994403 /* HapticManager.swift */ = {isa = PBXFileReference; lastKnownFileType = sourcecode.swift; path = HapticManager.swift; sourceTree = "<group>"; };
		D0B1176E291E4FBD00D3EAA7 /* Coin.swift */ = {isa = PBXFileReference; lastKnownFileType = sourcecode.swift; path = Coin.swift; sourceTree = "<group>"; };
		D0B11770291E5B3800D3EAA7 /* CoinRowView.swift */ = {isa = PBXFileReference; lastKnownFileType = sourcecode.swift; path = CoinRowView.swift; sourceTree = "<group>"; };
		D0B39D1A29225A3B004869F4 /* CoinDetail.swift */ = {isa = PBXFileReference; lastKnownFileType = sourcecode.swift; path = CoinDetail.swift; sourceTree = "<group>"; };
		D0B39D1C29225CBB004869F4 /* DetailViewModel.swift */ = {isa = PBXFileReference; lastKnownFileType = sourcecode.swift; path = DetailViewModel.swift; sourceTree = "<group>"; };
		D0B39D1E29225CE5004869F4 /* CoinDetailDataService.swift */ = {isa = PBXFileReference; lastKnownFileType = sourcecode.swift; path = CoinDetailDataService.swift; sourceTree = "<group>"; };
		D0D825FE291EE23B00F1F161 /* CoinDataService.swift */ = {isa = PBXFileReference; lastKnownFileType = sourcecode.swift; path = CoinDataService.swift; sourceTree = "<group>"; };
		D0D82601291EE7F000F1F161 /* NetworkingManager.swift */ = {isa = PBXFileReference; lastKnownFileType = sourcecode.swift; path = NetworkingManager.swift; sourceTree = "<group>"; };
		D0D82604291EEE6900F1F161 /* CoinImageView.swift */ = {isa = PBXFileReference; lastKnownFileType = sourcecode.swift; path = CoinImageView.swift; sourceTree = "<group>"; };
		D0D82606291EEFA700F1F161 /* CoinImageService.swift */ = {isa = PBXFileReference; lastKnownFileType = sourcecode.swift; path = CoinImageService.swift; sourceTree = "<group>"; };
		D0FDCE5D2922464F00B85C32 /* DetailView.swift */ = {isa = PBXFileReference; lastKnownFileType = sourcecode.swift; path = DetailView.swift; sourceTree = "<group>"; };
/* End PBXFileReference section */

/* Begin PBXFrameworksBuildPhase section */
		D043EB51291C0D3A005C4866 /* Frameworks */ = {
			isa = PBXFrameworksBuildPhase;
			buildActionMask = 2147483647;
			files = (
			);
			runOnlyForDeploymentPostprocessing = 0;
		};
/* End PBXFrameworksBuildPhase section */

/* Begin PBXGroup section */
		D043EB4B291C0D3A005C4866 = {
			isa = PBXGroup;
			children = (
				D043EB56291C0D3A005C4866 /* CryptoTracker */,
				D043EB55291C0D3A005C4866 /* Products */,
			);
			sourceTree = "<group>";
		};
		D043EB55291C0D3A005C4866 /* Products */ = {
			isa = PBXGroup;
			children = (
				D043EB54291C0D3A005C4866 /* CryptoTracker.app */,
			);
			name = Products;
			sourceTree = "<group>";
		};
		D043EB56291C0D3A005C4866 /* CryptoTracker */ = {
			isa = PBXGroup;
			children = (
				D043EB57291C0D3A005C4866 /* CryptoTrackerApp.swift */,
				D0D82600291EE7C700F1F161 /* Utilities */,
				D0D825FD291EE21100F1F161 /* Services */,
				D0B1176D291E4F9B00D3EAA7 /* Models */,
				D043EB68291C11C9005C4866 /* Core */,
				D043EB65291C0F84005C4866 /* Extensions */,
				D0AA232F291EE13F00159BA2 /* Support Files */,
			);
			path = CryptoTracker;
			sourceTree = "<group>";
		};
		D043EB5D291C0D3F005C4866 /* Preview Content */ = {
			isa = PBXGroup;
			children = (
				D043EB5E291C0D3F005C4866 /* Preview Assets.xcassets */,
			);
			name = "Preview Content";
			path = "../Preview Content";
			sourceTree = "<group>";
		};
		D043EB65291C0F84005C4866 /* Extensions */ = {
			isa = PBXGroup;
			children = (
				D043EB66291C0F95005C4866 /* Color.swift */,
				D0AA2329291ED19700159BA2 /* PreviewProvider.swift */,
				D0AA232B291ED45600159BA2 /* Double.swift */,
				D03B5CD4291FA5F600C912D9 /* UIApplication.swift */,
				D0753B092922DDBD00DE60F6 /* Date.swift */,
			);
			path = Extensions;
			sourceTree = "<group>";
		};
		D043EB68291C11C9005C4866 /* Core */ = {
			isa = PBXGroup;
			children = (
				D043EB6E291C12AD005C4866 /* Components */,
				D043EB69291C11DE005C4866 /* Home */,
				D0FDCE5A2922461600B85C32 /* Detail */,
			);
			path = Core;
			sourceTree = "<group>";
		};
		D043EB69291C11DE005C4866 /* Home */ = {
			isa = PBXGroup;
			children = (
				D043EB6B291C11F1005C4866 /* ViewModels */,
				D043EB6A291C11EC005C4866 /* Views */,
			);
			path = Home;
			sourceTree = "<group>";
		};
		D043EB6A291C11EC005C4866 /* Views */ = {
			isa = PBXGroup;
			children = (
				D043EB6C291C120B005C4866 /* HomeView.swift */,
				D0B11770291E5B3800D3EAA7 /* CoinRowView.swift */,
				D03B5CDA291FAF1800C912D9 /* HomeStatsView.swift */,
				D03B5CE0291FED0F00C912D9 /* PortfolioView.swift */,
			);
			path = Views;
			sourceTree = "<group>";
		};
		D043EB6B291C11F1005C4866 /* ViewModels */ = {
			isa = PBXGroup;
			children = (
				D0AA232D291EDD3600159BA2 /* HomeViewModel.swift */,
			);
			path = ViewModels;
			sourceTree = "<group>";
		};
		D043EB6E291C12AD005C4866 /* Components */ = {
			isa = PBXGroup;
			children = (
				D0D82603291EEE4C00F1F161 /* CoinImage */,
				D043EB73291C179D005C4866 /* CircleButton */,
				D03B5CD2291FA26A00C912D9 /* SearchBarView.swift */,
				D03B5CD8291FAC8100C912D9 /* StatisticView.swift */,
			);
			path = Components;
			sourceTree = "<group>";
		};
		D043EB73291C179D005C4866 /* CircleButton */ = {
			isa = PBXGroup;
			children = (
				D043EB6F291C12D3005C4866 /* CircleButtonView.swift */,
				D043EB71291C162C005C4866 /* CircleButtonAnimationView.swift */,
			);
			path = CircleButton;
			sourceTree = "<group>";
		};
		D0AA232F291EE13F00159BA2 /* Support Files */ = {
			isa = PBXGroup;
			children = (
				D043EB5B291C0D3F005C4866 /* Assets.xcassets */,
				D043EB5D291C0D3F005C4866 /* Preview Content */,
			);
			path = "Support Files";
			sourceTree = "<group>";
		};
		D0B05BDA292046C800994403 /* Network */ = {
			isa = PBXGroup;
			children = (
				D0D825FE291EE23B00F1F161 /* CoinDataService.swift */,
				D0B39D1E29225CE5004869F4 /* CoinDetailDataService.swift */,
				D0D82606291EEFA700F1F161 /* CoinImageService.swift */,
				D03B5CDE291FE6CD00C912D9 /* MarketDataService.swift */,
			);
			path = Network;
			sourceTree = "<group>";
		};
		D0B05BDB292046D100994403 /* CoreData */ = {
			isa = PBXGroup;
			children = (
				D0B05BD8292046B100994403 /* PortfolioDataService.swift */,
			);
			path = CoreData;
			sourceTree = "<group>";
		};
		D0B1176D291E4F9B00D3EAA7 /* Models */ = {
			isa = PBXGroup;
			children = (
				D0B1176E291E4FBD00D3EAA7 /* Coin.swift */,
				D0B39D1A29225A3B004869F4 /* CoinDetail.swift */,
				D03B5CD6291FAB5D00C912D9 /* Statistic.swift */,
				D03B5CDC291FB20200C912D9 /* MarketData.swift */,
				D0B05BD52920461A00994403 /* PortfolioContainer.xcdatamodeld */,
			);
			path = Models;
			sourceTree = "<group>";
		};
		D0D825FD291EE21100F1F161 /* Services */ = {
			isa = PBXGroup;
			children = (
				D0B05BDA292046C800994403 /* Network */,
				D0B05BDB292046D100994403 /* CoreData */,
			);
			path = Services;
			sourceTree = "<group>";
		};
		D0D82600291EE7C700F1F161 /* Utilities */ = {
			isa = PBXGroup;
			children = (
				D0D82601291EE7F000F1F161 /* NetworkingManager.swift */,
				D03B5CD0291F9BBF00C912D9 /* LocalFileManager.swift */,
				D0B05BDC292056E500994403 /* HapticManager.swift */,
			);
			path = Utilities;
			sourceTree = "<group>";
		};
		D0D82603291EEE4C00F1F161 /* CoinImage */ = {
			isa = PBXGroup;
			children = (
				D0D82604291EEE6900F1F161 /* CoinImageView.swift */,
				D0A4FD67291EF1950084B154 /* CoinImageViewModel.swift */,
				D0B05BD3291FF78A00994403 /* CoinLogoView.swift */,
			);
			path = CoinImage;
			sourceTree = "<group>";
		};
		D0FDCE5A2922461600B85C32 /* Detail */ = {
			isa = PBXGroup;
			children = (
				D0FDCE5C2922463800B85C32 /* ViewModels */,
				D0FDCE5B2922462C00B85C32 /* Views */,
			);
			path = Detail;
			sourceTree = "<group>";
		};
		D0FDCE5B2922462C00B85C32 /* Views */ = {
			isa = PBXGroup;
			children = (
				D0FDCE5D2922464F00B85C32 /* DetailView.swift */,
				D0753B072922D7B200DE60F6 /* ChartView.swift */,
			);
			path = Views;
			sourceTree = "<group>";
		};
		D0FDCE5C2922463800B85C32 /* ViewModels */ = {
			isa = PBXGroup;
			children = (
				D0B39D1C29225CBB004869F4 /* DetailViewModel.swift */,
			);
			path = ViewModels;
			sourceTree = "<group>";
		};
/* End PBXGroup section */

/* Begin PBXNativeTarget section */
		D043EB53291C0D3A005C4866 /* CryptoTracker */ = {
			isa = PBXNativeTarget;
			buildConfigurationList = D043EB62291C0D3F005C4866 /* Build configuration list for PBXNativeTarget "CryptoTracker" */;
			buildPhases = (
				D043EB50291C0D3A005C4866 /* Sources */,
				D043EB51291C0D3A005C4866 /* Frameworks */,
				D043EB52291C0D3A005C4866 /* Resources */,
			);
			buildRules = (
			);
			dependencies = (
			);
			name = CryptoTracker;
			productName = CryptoTracker;
			productReference = D043EB54291C0D3A005C4866 /* CryptoTracker.app */;
			productType = "com.apple.product-type.application";
		};
/* End PBXNativeTarget section */

/* Begin PBXProject section */
		D043EB4C291C0D3A005C4866 /* Project object */ = {
			isa = PBXProject;
			attributes = {
				BuildIndependentTargetsInParallel = 1;
				LastSwiftUpdateCheck = 1410;
				LastUpgradeCheck = 1410;
				TargetAttributes = {
					D043EB53291C0D3A005C4866 = {
						CreatedOnToolsVersion = 14.1;
					};
				};
			};
			buildConfigurationList = D043EB4F291C0D3A005C4866 /* Build configuration list for PBXProject "CryptoTracker" */;
			compatibilityVersion = "Xcode 14.0";
			developmentRegion = en;
			hasScannedForEncodings = 0;
			knownRegions = (
				en,
				Base,
			);
			mainGroup = D043EB4B291C0D3A005C4866;
			productRefGroup = D043EB55291C0D3A005C4866 /* Products */;
			projectDirPath = "";
			projectRoot = "";
			targets = (
				D043EB53291C0D3A005C4866 /* CryptoTracker */,
			);
		};
/* End PBXProject section */

/* Begin PBXResourcesBuildPhase section */
		D043EB52291C0D3A005C4866 /* Resources */ = {
			isa = PBXResourcesBuildPhase;
			buildActionMask = 2147483647;
			files = (
				D043EB5F291C0D3F005C4866 /* Preview Assets.xcassets in Resources */,
				D043EB5C291C0D3F005C4866 /* Assets.xcassets in Resources */,
			);
			runOnlyForDeploymentPostprocessing = 0;
		};
/* End PBXResourcesBuildPhase section */

/* Begin PBXSourcesBuildPhase section */
		D043EB50291C0D3A005C4866 /* Sources */ = {
			isa = PBXSourcesBuildPhase;
			buildActionMask = 2147483647;
			files = (
				D03B5CD7291FAB5D00C912D9 /* Statistic.swift in Sources */,
				D0B05BD9292046B100994403 /* PortfolioDataService.swift in Sources */,
				D0B05BDD292056E500994403 /* HapticManager.swift in Sources */,
				D03B5CDF291FE6CD00C912D9 /* MarketDataService.swift in Sources */,
				D0B05BD4291FF78A00994403 /* CoinLogoView.swift in Sources */,
				D03B5CD9291FAC8100C912D9 /* StatisticView.swift in Sources */,
				D03B5CD5291FA5F600C912D9 /* UIApplication.swift in Sources */,
				D0A4FD68291EF1950084B154 /* CoinImageViewModel.swift in Sources */,
				D0D82605291EEE6900F1F161 /* CoinImageView.swift in Sources */,
				D0B11771291E5B3800D3EAA7 /* CoinRowView.swift in Sources */,
				D03B5CE1291FED0F00C912D9 /* PortfolioView.swift in Sources */,
				D0AA232E291EDD3600159BA2 /* HomeViewModel.swift in Sources */,
				D043EB6D291C120B005C4866 /* HomeView.swift in Sources */,
				D0B39D1D29225CBB004869F4 /* DetailViewModel.swift in Sources */,
				D043EB58291C0D3A005C4866 /* CryptoTrackerApp.swift in Sources */,
				D043EB70291C12D3005C4866 /* CircleButtonView.swift in Sources */,
				D0FDCE5E2922465000B85C32 /* DetailView.swift in Sources */,
				D03B5CD1291F9BBF00C912D9 /* LocalFileManager.swift in Sources */,
				D03B5CDB291FAF1900C912D9 /* HomeStatsView.swift in Sources */,
				D043EB67291C0F95005C4866 /* Color.swift in Sources */,
				D0B39D1B29225A3B004869F4 /* CoinDetail.swift in Sources */,
				D043EB72291C162C005C4866 /* CircleButtonAnimationView.swift in Sources */,
				D0AA232A291ED19700159BA2 /* PreviewProvider.swift in Sources */,
				D0753B0A2922DDBD00DE60F6 /* Date.swift in Sources */,
				D03B5CDD291FB20200C912D9 /* MarketData.swift in Sources */,
				D0AA232C291ED45600159BA2 /* Double.swift in Sources */,
				D0D82602291EE7F000F1F161 /* NetworkingManager.swift in Sources */,
				D0B1176F291E4FBD00D3EAA7 /* Coin.swift in Sources */,
				D0B05BD72920461A00994403 /* PortfolioContainer.xcdatamodeld in Sources */,
				D0D82607291EEFA700F1F161 /* CoinImageService.swift in Sources */,
				D0753B082922D7B200DE60F6 /* ChartView.swift in Sources */,
				D0B39D1F29225CE5004869F4 /* CoinDetailDataService.swift in Sources */,
				D03B5CD3291FA26A00C912D9 /* SearchBarView.swift in Sources */,
				D0D825FF291EE23B00F1F161 /* CoinDataService.swift in Sources */,
			);
			runOnlyForDeploymentPostprocessing = 0;
		};
/* End PBXSourcesBuildPhase section */

/* Begin XCBuildConfiguration section */
		D043EB60291C0D3F005C4866 /* Debug */ = {
			isa = XCBuildConfiguration;
			buildSettings = {
				ALWAYS_SEARCH_USER_PATHS = NO;
				CLANG_ANALYZER_NONNULL = YES;
				CLANG_ANALYZER_NUMBER_OBJECT_CONVERSION = YES_AGGRESSIVE;
				CLANG_CXX_LANGUAGE_STANDARD = "gnu++20";
				CLANG_ENABLE_MODULES = YES;
				CLANG_ENABLE_OBJC_ARC = YES;
				CLANG_ENABLE_OBJC_WEAK = YES;
				CLANG_WARN_BLOCK_CAPTURE_AUTORELEASING = YES;
				CLANG_WARN_BOOL_CONVERSION = YES;
				CLANG_WARN_COMMA = YES;
				CLANG_WARN_CONSTANT_CONVERSION = YES;
				CLANG_WARN_DEPRECATED_OBJC_IMPLEMENTATIONS = YES;
				CLANG_WARN_DIRECT_OBJC_ISA_USAGE = YES_ERROR;
				CLANG_WARN_DOCUMENTATION_COMMENTS = YES;
				CLANG_WARN_EMPTY_BODY = YES;
				CLANG_WARN_ENUM_CONVERSION = YES;
				CLANG_WARN_INFINITE_RECURSION = YES;
				CLANG_WARN_INT_CONVERSION = YES;
				CLANG_WARN_NON_LITERAL_NULL_CONVERSION = YES;
				CLANG_WARN_OBJC_IMPLICIT_RETAIN_SELF = YES;
				CLANG_WARN_OBJC_LITERAL_CONVERSION = YES;
				CLANG_WARN_OBJC_ROOT_CLASS = YES_ERROR;
				CLANG_WARN_QUOTED_INCLUDE_IN_FRAMEWORK_HEADER = YES;
				CLANG_WARN_RANGE_LOOP_ANALYSIS = YES;
				CLANG_WARN_STRICT_PROTOTYPES = YES;
				CLANG_WARN_SUSPICIOUS_MOVE = YES;
				CLANG_WARN_UNGUARDED_AVAILABILITY = YES_AGGRESSIVE;
				CLANG_WARN_UNREACHABLE_CODE = YES;
				CLANG_WARN__DUPLICATE_METHOD_MATCH = YES;
				COPY_PHASE_STRIP = NO;
				DEBUG_INFORMATION_FORMAT = dwarf;
				ENABLE_STRICT_OBJC_MSGSEND = YES;
				ENABLE_TESTABILITY = YES;
				GCC_C_LANGUAGE_STANDARD = gnu11;
				GCC_DYNAMIC_NO_PIC = NO;
				GCC_NO_COMMON_BLOCKS = YES;
				GCC_OPTIMIZATION_LEVEL = 0;
				GCC_PREPROCESSOR_DEFINITIONS = (
					"DEBUG=1",
					"$(inherited)",
				);
				GCC_WARN_64_TO_32_BIT_CONVERSION = YES;
				GCC_WARN_ABOUT_RETURN_TYPE = YES_ERROR;
				GCC_WARN_UNDECLARED_SELECTOR = YES;
				GCC_WARN_UNINITIALIZED_AUTOS = YES_AGGRESSIVE;
				GCC_WARN_UNUSED_FUNCTION = YES;
				GCC_WARN_UNUSED_VARIABLE = YES;
				IPHONEOS_DEPLOYMENT_TARGET = 15.0;
				MTL_ENABLE_DEBUG_INFO = INCLUDE_SOURCE;
				MTL_FAST_MATH = YES;
				ONLY_ACTIVE_ARCH = YES;
				SDKROOT = iphoneos;
				SWIFT_ACTIVE_COMPILATION_CONDITIONS = DEBUG;
				SWIFT_OPTIMIZATION_LEVEL = "-Onone";
			};
			name = Debug;
		};
		D043EB61291C0D3F005C4866 /* Release */ = {
			isa = XCBuildConfiguration;
			buildSettings = {
				ALWAYS_SEARCH_USER_PATHS = NO;
				CLANG_ANALYZER_NONNULL = YES;
				CLANG_ANALYZER_NUMBER_OBJECT_CONVERSION = YES_AGGRESSIVE;
				CLANG_CXX_LANGUAGE_STANDARD = "gnu++20";
				CLANG_ENABLE_MODULES = YES;
				CLANG_ENABLE_OBJC_ARC = YES;
				CLANG_ENABLE_OBJC_WEAK = YES;
				CLANG_WARN_BLOCK_CAPTURE_AUTORELEASING = YES;
				CLANG_WARN_BOOL_CONVERSION = YES;
				CLANG_WARN_COMMA = YES;
				CLANG_WARN_CONSTANT_CONVERSION = YES;
				CLANG_WARN_DEPRECATED_OBJC_IMPLEMENTATIONS = YES;
				CLANG_WARN_DIRECT_OBJC_ISA_USAGE = YES_ERROR;
				CLANG_WARN_DOCUMENTATION_COMMENTS = YES;
				CLANG_WARN_EMPTY_BODY = YES;
				CLANG_WARN_ENUM_CONVERSION = YES;
				CLANG_WARN_INFINITE_RECURSION = YES;
				CLANG_WARN_INT_CONVERSION = YES;
				CLANG_WARN_NON_LITERAL_NULL_CONVERSION = YES;
				CLANG_WARN_OBJC_IMPLICIT_RETAIN_SELF = YES;
				CLANG_WARN_OBJC_LITERAL_CONVERSION = YES;
				CLANG_WARN_OBJC_ROOT_CLASS = YES_ERROR;
				CLANG_WARN_QUOTED_INCLUDE_IN_FRAMEWORK_HEADER = YES;
				CLANG_WARN_RANGE_LOOP_ANALYSIS = YES;
				CLANG_WARN_STRICT_PROTOTYPES = YES;
				CLANG_WARN_SUSPICIOUS_MOVE = YES;
				CLANG_WARN_UNGUARDED_AVAILABILITY = YES_AGGRESSIVE;
				CLANG_WARN_UNREACHABLE_CODE = YES;
				CLANG_WARN__DUPLICATE_METHOD_MATCH = YES;
				COPY_PHASE_STRIP = NO;
				DEBUG_INFORMATION_FORMAT = "dwarf-with-dsym";
				ENABLE_NS_ASSERTIONS = NO;
				ENABLE_STRICT_OBJC_MSGSEND = YES;
				GCC_C_LANGUAGE_STANDARD = gnu11;
				GCC_NO_COMMON_BLOCKS = YES;
				GCC_WARN_64_TO_32_BIT_CONVERSION = YES;
				GCC_WARN_ABOUT_RETURN_TYPE = YES_ERROR;
				GCC_WARN_UNDECLARED_SELECTOR = YES;
				GCC_WARN_UNINITIALIZED_AUTOS = YES_AGGRESSIVE;
				GCC_WARN_UNUSED_FUNCTION = YES;
				GCC_WARN_UNUSED_VARIABLE = YES;
				IPHONEOS_DEPLOYMENT_TARGET = 15.0;
				MTL_ENABLE_DEBUG_INFO = NO;
				MTL_FAST_MATH = YES;
				SDKROOT = iphoneos;
				SWIFT_COMPILATION_MODE = wholemodule;
				SWIFT_OPTIMIZATION_LEVEL = "-O";
				VALIDATE_PRODUCT = YES;
			};
			name = Release;
		};
		D043EB63291C0D3F005C4866 /* Debug */ = {
			isa = XCBuildConfiguration;
			buildSettings = {
				ASSETCATALOG_COMPILER_APPICON_NAME = AppIcon;
				ASSETCATALOG_COMPILER_GLOBAL_ACCENT_COLOR_NAME = AccentColor;
				CODE_SIGN_STYLE = Automatic;
				CURRENT_PROJECT_VERSION = 1;
				DEVELOPMENT_ASSET_PATHS = "\"CryptoTracker/Support Files/Preview Content\"";
				DEVELOPMENT_TEAM = 4L9MK9G9TT;
				ENABLE_PREVIEWS = YES;
				GENERATE_INFOPLIST_FILE = YES;
				INFOPLIST_KEY_CFBundleDisplayName = "Crypto Tracker";
				INFOPLIST_KEY_UIApplicationSceneManifest_Generation = YES;
				INFOPLIST_KEY_UIApplicationSupportsIndirectInputEvents = YES;
				INFOPLIST_KEY_UILaunchScreen_Generation = YES;
				INFOPLIST_KEY_UISupportedInterfaceOrientations = UIInterfaceOrientationPortrait;
				IPHONEOS_DEPLOYMENT_TARGET = 15.0;
				LD_RUNPATH_SEARCH_PATHS = (
					"$(inherited)",
					"@executable_path/Frameworks",
				);
				MARKETING_VERSION = 1.0;
				PRODUCT_BUNDLE_IDENTIFIER = com.veljkobazalac.CryptoTracker;
				PRODUCT_NAME = "$(TARGET_NAME)";
				SUPPORTED_PLATFORMS = "iphoneos iphonesimulator";
				SUPPORTS_MACCATALYST = NO;
				SUPPORTS_MAC_DESIGNED_FOR_IPHONE_IPAD = NO;
				SWIFT_EMIT_LOC_STRINGS = YES;
				SWIFT_VERSION = 5.0;
				TARGETED_DEVICE_FAMILY = 1;
			};
			name = Debug;
		};
		D043EB64291C0D3F005C4866 /* Release */ = {
			isa = XCBuildConfiguration;
			buildSettings = {
				ASSETCATALOG_COMPILER_APPICON_NAME = AppIcon;
				ASSETCATALOG_COMPILER_GLOBAL_ACCENT_COLOR_NAME = AccentColor;
				CODE_SIGN_STYLE = Automatic;
				CURRENT_PROJECT_VERSION = 1;
				DEVELOPMENT_ASSET_PATHS = "\"CryptoTracker/Support Files/Preview Content\"";
				DEVELOPMENT_TEAM = 4L9MK9G9TT;
				ENABLE_PREVIEWS = YES;
				GENERATE_INFOPLIST_FILE = YES;
				INFOPLIST_KEY_CFBundleDisplayName = "Crypto Tracker";
				INFOPLIST_KEY_UIApplicationSceneManifest_Generation = YES;
				INFOPLIST_KEY_UIApplicationSupportsIndirectInputEvents = YES;
				INFOPLIST_KEY_UILaunchScreen_Generation = YES;
				INFOPLIST_KEY_UISupportedInterfaceOrientations = UIInterfaceOrientationPortrait;
				IPHONEOS_DEPLOYMENT_TARGET = 15.0;
				LD_RUNPATH_SEARCH_PATHS = (
					"$(inherited)",
					"@executable_path/Frameworks",
				);
				MARKETING_VERSION = 1.0;
				PRODUCT_BUNDLE_IDENTIFIER = com.veljkobazalac.CryptoTracker;
				PRODUCT_NAME = "$(TARGET_NAME)";
				SUPPORTED_PLATFORMS = "iphoneos iphonesimulator";
				SUPPORTS_MACCATALYST = NO;
				SUPPORTS_MAC_DESIGNED_FOR_IPHONE_IPAD = NO;
				SWIFT_EMIT_LOC_STRINGS = YES;
				SWIFT_VERSION = 5.0;
				TARGETED_DEVICE_FAMILY = 1;
			};
			name = Release;
		};
/* End XCBuildConfiguration section */

/* Begin XCConfigurationList section */
		D043EB4F291C0D3A005C4866 /* Build configuration list for PBXProject "CryptoTracker" */ = {
			isa = XCConfigurationList;
			buildConfigurations = (
				D043EB60291C0D3F005C4866 /* Debug */,
				D043EB61291C0D3F005C4866 /* Release */,
			);
			defaultConfigurationIsVisible = 0;
			defaultConfigurationName = Release;
		};
		D043EB62291C0D3F005C4866 /* Build configuration list for PBXNativeTarget "CryptoTracker" */ = {
			isa = XCConfigurationList;
			buildConfigurations = (
				D043EB63291C0D3F005C4866 /* Debug */,
				D043EB64291C0D3F005C4866 /* Release */,
			);
			defaultConfigurationIsVisible = 0;
			defaultConfigurationName = Release;
		};
/* End XCConfigurationList section */

/* Begin XCVersionGroup section */
		D0B05BD52920461A00994403 /* PortfolioContainer.xcdatamodeld */ = {
			isa = XCVersionGroup;
			children = (
				D0B05BD62920461A00994403 /* PortfolioContainer.xcdatamodel */,
			);
			currentVersion = D0B05BD62920461A00994403 /* PortfolioContainer.xcdatamodel */;
			path = PortfolioContainer.xcdatamodeld;
			sourceTree = "<group>";
			versionGroupType = wrapper.xcdatamodel;
		};
/* End XCVersionGroup section */
	};
	rootObject = D043EB4C291C0D3A005C4866 /* Project object */;
}
